
Microsoft Visual Studio Solution File, Format Version 12.00
# Visual Studio Version 16
VisualStudioVersion = 16.0.31702.278
MinimumVisualStudioVersion = 10.0.40219.1
Project("{9A19103F-16F7-4668-BE54-9A1E7A4F7556}") = "EvolveWebApp", "EvolveWebApp.csproj", "{F374291E-77EA-49DD-BF74-59BD50CD933F}"
EndProject
Project("{FAE04EC0-301F-11D3-BF4B-00C04F79EFBC}") = "AssignRevokeUser", "..\AssignRevokeUser\AssignRevokeUser.csproj", "{6EAD6821-C221-41F4-8FE9-8651A324FD29}"
EndProject
Global
	GlobalSection(SolutionConfigurationPlatforms) = preSolution
		Debug|Any CPU = Debug|Any CPU
		Release|Any CPU = Release|Any CPU
	EndGlobalSection
	GlobalSection(ProjectConfigurationPlatforms) = postSolution
		{F374291E-77EA-49DD-BF74-59BD50CD933F}.Debug|Any CPU.ActiveCfg = Debug|Any CPU
		{F374291E-77EA-49DD-BF74-59BD50CD933F}.Debug|Any CPU.Build.0 = Debug|Any CPU
		{F374291E-77EA-49DD-BF74-59BD50CD933F}.Release|Any CPU.ActiveCfg = Release|Any CPU
		{F374291E-77EA-49DD-BF74-59BD50CD933F}.Release|Any CPU.Build.0 = Release|Any CPU
		{6EAD6821-C221-41F4-8FE9-8651A324FD29}.Debug|Any CPU.ActiveCfg = Debug|Any CPU
		{6EAD6821-C221-41F4-8FE9-8651A324FD29}.Debug|Any CPU.Build.0 = Debug|Any CPU
		{6EAD6821-C221-41F4-8FE9-8651A324FD29}.Release|Any CPU.ActiveCfg = Release|Any CPU
		{6EAD6821-C221-41F4-8FE9-8651A324FD29}.Release|Any CPU.Build.0 = Release|Any CPU
	EndGlobalSection
	GlobalSection(SolutionProperties) = preSolution
		HideSolutionNode = FALSE
	EndGlobalSection
	GlobalSection(ExtensibilityGlobals) = postSolution
		SolutionGuid = {98409D85-DCDD-4F36-8B52-B6A844BA1710}
	EndGlobalSection
EndGlobal
